PODS:
  - Comet (1.6.2)
  - SnapKit (5.0.1)

DEPENDENCIES:
  - Comet
  - SnapKit

SPEC REPOS:
  trunk:
    - Comet
    - SnapKit

SPEC CHECKSUMS:
  Comet: ec129472bd2b9683c13aefa939703cc3ef0efb14
  SnapKit: 97b92857e3df3a0c71833cce143274bf6ef8e5eb

PODFILE CHECKSUM: 59a8d323578937953099528a061ceba58d4fdc57

COCOAPODS: 1.8.3
